{
  "name": "Js Data Types",
  "lockfileVersion": 2,
  "requires": true,
  "packages": {
    "": {
      "dependencies": {
        "alert": "^5.1.3"
      }
    },
    "node_modules/alert": {
      "version": "5.1.3",
      "resolved": "https://registry.npmjs.org/alert/-/alert-5.1.3.tgz",
      "integrity": "sha512-BZAkmtsWKZ8tqvHuVSPkHWxNOC9xYmoXrM+q+in9l+suC/jSOxikdQnjWzYo7Mqo57azr+q65f6hQ79mpBdzlg==",
      "dependencies": {
        "is-program-installed": "2.3.4"
      },
      "bin": {
        "alert": "cli.js"
      },
      "engines": {
        "node": ">=10.0.0"
      }
    },
    "node_modules/is-program-installed": {
      "version": "2.3.4",
      "resolved": "https://registry.npmjs.org/is-program-installed/-/is-program-installed-2.3.4.tgz",
      "integrity": "sha512-b4e65BxUsiLkoFSOu8RAca7Rz7rPvnbw0u0lS431BFyI37C4lM6F+OjQ5DNODMakjKfcoOY9aeaPqXgFoezhsg==",
      "engines": {
        "node": ">=16.0.0"
      },
      "funding": {
        "type": "ko-fi",
        "url": "https://ko-fi.com/zacanger"
      }
    }
  },
  "dependencies": {
    "alert": {
      "version": "5.1.3",
      "resolved": "https://registry.npmjs.org/alert/-/alert-5.1.3.tgz",
      "integrity": "sha512-BZAkmtsWKZ8tqvHuVSPkHWxNOC9xYmoXrM+q+in9l+suC/jSOxikdQnjWzYo7Mqo57azr+q65f6hQ79mpBdzlg==",
      "requires": {
        "is-program-installed": "2.3.4"
      }
    },
    "is-program-installed": {
      "version": "2.3.4",
      "resolved": "https://registry.npmjs.org/is-program-installed/-/is-program-installed-2.3.4.tgz",
      "integrity": "sha512-b4e65BxUsiLkoFSOu8RAca7Rz7rPvnbw0u0lS431BFyI37C4lM6F+OjQ5DNODMakjKfcoOY9aeaPqXgFoezhsg=="
    }
  }
}
